
Microsoft Visual Studio Solution File, Format Version 12.00
# Visual Studio Version 17
VisualStudioVersion = 17.13.35825.156 d17.13
MinimumVisualStudioVersion = 10.0.40219.1
Project("{FAE04EC0-301F-11D3-BF4B-00C04F79EFBC}") = "OrgChartsJS", "OrgChartsJS\OrgChartsJS.csproj", "{7481322B-5CA9-4CCB-A1B8-9E3124F149F1}"
EndProject
Global
	GlobalSection(SolutionConfigurationPlatforms) = preSolution
		Debug|Any CPU = Debug|Any CPU
		Release|Any CPU = Release|Any CPU
	EndGlobalSection
	GlobalSection(ProjectConfigurationPlatforms) = postSolution
		{7481322B-5CA9-4CCB-A1B8-9E3124F149F1}.Debug|Any CPU.ActiveCfg = Debug|Any CPU
		{7481322B-5CA9-4CCB-A1B8-9E3124F149F1}.Debug|Any CPU.Build.0 = Debug|Any CPU
		{7481322B-5CA9-4CCB-A1B8-9E3124F149F1}.Release|Any CPU.ActiveCfg = Release|Any CPU
		{7481322B-5CA9-4CCB-A1B8-9E3124F149F1}.Release|Any CPU.Build.0 = Release|Any CPU
	EndGlobalSection
	GlobalSection(SolutionProperties) = preSolution
		HideSolutionNode = FALSE
	EndGlobalSection
	GlobalSection(ExtensibilityGlobals) = postSolution
		SolutionGuid = {6FC3D0D2-2CD5-4E17-B0AC-BC94D90BFE79}
	EndGlobalSection
EndGlobal
